
Microsoft Visual Studio Solution File, Format Version 12.00
# Visual Studio Version 17
VisualStudioVersion = 17.14.36203.30 d17.14
MinimumVisualStudioVersion = 10.0.40219.1
Project("{2150E333-8FDC-42A3-9474-1A3956D46DE8}") = "UI", "UI", "{02EA681E-C7D8-13C7-8484-4AC65E1B71E8}"
EndProject
Project("{2150E333-8FDC-42A3-9474-1A3956D46DE8}") = "src", "src", "{1F548A75-B071-49BF-A67A-F9A2499C991F}"
EndProject
Project("{2150E333-8FDC-42A3-9474-1A3956D46DE8}") = "APIs", "APIs", "{3A95092D-0663-4692-966E-F3ABB45F3A73}"
EndProject
Project("{2150E333-8FDC-42A3-9474-1A3956D46DE8}") = "Infrastructure", "Infrastructure", "{7EA00BF5-C483-4FF6-978A-FCA186E8CFAB}"
EndProject
Project("{2150E333-8FDC-42A3-9474-1A3956D46DE8}") = "Core", "Core", "{B5984215-22E0-4F7A-855F-3A3A8299B933}"
EndProject
Project("{2150E333-8FDC-42A3-9474-1A3956D46DE8}") = "Test", "Test", "{192BB1E9-512D-44C2-8B04-B31F9124593F}"
EndProject
Project("{FAE04EC0-301F-11D3-BF4B-00C04F79EFBC}") = "Talabat.APIs", "Talabat.APIs\Talabat.APIs.csproj", "{A7642886-DE01-4CA4-9A04-6B1841A2E705}"
EndProject
Global
	GlobalSection(SolutionConfigurationPlatforms) = preSolution
		Debug|Any CPU = Debug|Any CPU
		Release|Any CPU = Release|Any CPU
	EndGlobalSection
	GlobalSection(ProjectConfigurationPlatforms) = postSolution
		{A7642886-DE01-4CA4-9A04-6B1841A2E705}.Debug|Any CPU.ActiveCfg = Debug|Any CPU
		{A7642886-DE01-4CA4-9A04-6B1841A2E705}.Debug|Any CPU.Build.0 = Debug|Any CPU
		{A7642886-DE01-4CA4-9A04-6B1841A2E705}.Release|Any CPU.ActiveCfg = Release|Any CPU
		{A7642886-DE01-4CA4-9A04-6B1841A2E705}.Release|Any CPU.Build.0 = Release|Any CPU
	EndGlobalSection
	GlobalSection(SolutionProperties) = preSolution
		HideSolutionNode = FALSE
	EndGlobalSection
	GlobalSection(NestedProjects) = preSolution
		{02EA681E-C7D8-13C7-8484-4AC65E1B71E8} = {1F548A75-B071-49BF-A67A-F9A2499C991F}
		{3A95092D-0663-4692-966E-F3ABB45F3A73} = {1F548A75-B071-49BF-A67A-F9A2499C991F}
		{7EA00BF5-C483-4FF6-978A-FCA186E8CFAB} = {3A95092D-0663-4692-966E-F3ABB45F3A73}
		{B5984215-22E0-4F7A-855F-3A3A8299B933} = {3A95092D-0663-4692-966E-F3ABB45F3A73}
		{A7642886-DE01-4CA4-9A04-6B1841A2E705} = {3A95092D-0663-4692-966E-F3ABB45F3A73}
	EndGlobalSection
	GlobalSection(ExtensibilityGlobals) = postSolution
		SolutionGuid = {61B6746F-6C4C-49A1-8F79-E604DE1F3F85}
	EndGlobalSection
EndGlobal
